
Microsoft Visual Studio Solution File, Format Version 12.00
# Visual Studio 14
VisualStudioVersion = 14.0.25420.1
MinimumVisualStudioVersion = 10.0.40219.1
Project("{8BB2217D-0F2D-49D1-97BC-3654ED321F3B}") = "AspNetCore.IdentityServer", "AspNetCore.IdentityServer\AspNetCore.IdentityServer.xproj", "{A50FC2F5-F24F-4E92-BADB-4841E1FC0D04}"
EndProject
Project("{2150E333-8FDC-42A3-9474-1A3956D46DE8}") = "Web", "Web", "{86B37F0C-7FA4-43CC-A3E9-524EB0B87D4B}"
EndProject
Project("{2150E333-8FDC-42A3-9474-1A3956D46DE8}") = "Test", "Test", "{57DF6356-E791-49FD-AEA3-18386168F352}"
EndProject
Project("{2150E333-8FDC-42A3-9474-1A3956D46DE8}") = "Service", "Service", "{E9921351-85F7-43F4-AF3E-A5E6FC4B377B}"
EndProject
Project("{8BB2217D-0F2D-49D1-97BC-3654ED321F3B}") = "AspNetCore.Infra", "AspNetCore.Infra\AspNetCore.Infra.xproj", "{7DCB19D9-98FB-464D-91D3-CAF302E50A1B}"
EndProject
Project("{8BB2217D-0F2D-49D1-97BC-3654ED321F3B}") = "AspNetCore.WebAPI.UT", "AspNetCore.WebAPI.UT\AspNetCore.WebAPI.UT.xproj", "{50F35BCD-5A64-4359-83FE-2552D958BD29}"
EndProject
Project("{8BB2217D-0F2D-49D1-97BC-3654ED321F3B}") = "AspNetCore.WebAPI", "AspNetCore.WebAPI\AspNetCore.WebAPI.xproj", "{DA693F77-A7EA-450D-8FF6-676BC7B3E850}"
EndProject
Global
	GlobalSection(SolutionConfigurationPlatforms) = preSolution
		Debug|Any CPU = Debug|Any CPU
		Release|Any CPU = Release|Any CPU
	EndGlobalSection
	GlobalSection(ProjectConfigurationPlatforms) = postSolution
		{A50FC2F5-F24F-4E92-BADB-4841E1FC0D04}.Debug|Any CPU.ActiveCfg = Debug|Any CPU
		{A50FC2F5-F24F-4E92-BADB-4841E1FC0D04}.Debug|Any CPU.Build.0 = Debug|Any CPU
		{A50FC2F5-F24F-4E92-BADB-4841E1FC0D04}.Release|Any CPU.ActiveCfg = Release|Any CPU
		{A50FC2F5-F24F-4E92-BADB-4841E1FC0D04}.Release|Any CPU.Build.0 = Release|Any CPU
		{7DCB19D9-98FB-464D-91D3-CAF302E50A1B}.Debug|Any CPU.ActiveCfg = Debug|Any CPU
		{7DCB19D9-98FB-464D-91D3-CAF302E50A1B}.Debug|Any CPU.Build.0 = Debug|Any CPU
		{7DCB19D9-98FB-464D-91D3-CAF302E50A1B}.Release|Any CPU.ActiveCfg = Release|Any CPU
		{7DCB19D9-98FB-464D-91D3-CAF302E50A1B}.Release|Any CPU.Build.0 = Release|Any CPU
		{50F35BCD-5A64-4359-83FE-2552D958BD29}.Debug|Any CPU.ActiveCfg = Debug|Any CPU
		{50F35BCD-5A64-4359-83FE-2552D958BD29}.Debug|Any CPU.Build.0 = Debug|Any CPU
		{50F35BCD-5A64-4359-83FE-2552D958BD29}.Release|Any CPU.ActiveCfg = Release|Any CPU
		{50F35BCD-5A64-4359-83FE-2552D958BD29}.Release|Any CPU.Build.0 = Release|Any CPU
		{DA693F77-A7EA-450D-8FF6-676BC7B3E850}.Debug|Any CPU.ActiveCfg = Debug|Any CPU
		{DA693F77-A7EA-450D-8FF6-676BC7B3E850}.Debug|Any CPU.Build.0 = Debug|Any CPU
		{DA693F77-A7EA-450D-8FF6-676BC7B3E850}.Release|Any CPU.ActiveCfg = Release|Any CPU
		{DA693F77-A7EA-450D-8FF6-676BC7B3E850}.Release|Any CPU.Build.0 = Release|Any CPU
	EndGlobalSection
	GlobalSection(SolutionProperties) = preSolution
		HideSolutionNode = FALSE
	EndGlobalSection
	GlobalSection(NestedProjects) = preSolution
		{A50FC2F5-F24F-4E92-BADB-4841E1FC0D04} = {86B37F0C-7FA4-43CC-A3E9-524EB0B87D4B}
		{7DCB19D9-98FB-464D-91D3-CAF302E50A1B} = {E9921351-85F7-43F4-AF3E-A5E6FC4B377B}
		{50F35BCD-5A64-4359-83FE-2552D958BD29} = {57DF6356-E791-49FD-AEA3-18386168F352}
		{DA693F77-A7EA-450D-8FF6-676BC7B3E850} = {86B37F0C-7FA4-43CC-A3E9-524EB0B87D4B}
	EndGlobalSection
EndGlobal
